
Microsoft Visual Studio Solution File, Format Version 12.00
# Visual Studio Version 17
VisualStudioVersion = 17.14.36414.22
MinimumVisualStudioVersion = 10.0.40219.1
Project("{FAE04EC0-301F-11D3-BF4B-00C04F79EFBC}") = "UC System", "WebApplication1\WebApplication1.csproj", "{05D663B5-CCE5-4C4E-B6C0-273239CAD476}"
EndProject
Global
	GlobalSection(SolutionConfigurationPlatforms) = preSolution
		Debug|Any CPU = Debug|Any CPU
		Release|Any CPU = Release|Any CPU
	EndGlobalSection
	GlobalSection(ProjectConfigurationPlatforms) = postSolution
		{05D663B5-CCE5-4C4E-B6C0-273239CAD476}.Debug|Any CPU.ActiveCfg = Debug|Any CPU
		{05D663B5-CCE5-4C4E-B6C0-273239CAD476}.Debug|Any CPU.Build.0 = Debug|Any CPU
		{05D663B5-CCE5-4C4E-B6C0-273239CAD476}.Release|Any CPU.ActiveCfg = Release|Any CPU
		{05D663B5-CCE5-4C4E-B6C0-273239CAD476}.Release|Any CPU.Build.0 = Release|Any CPU
	EndGlobalSection
	GlobalSection(SolutionProperties) = preSolution
		HideSolutionNode = FALSE
	EndGlobalSection
	GlobalSection(ExtensibilityGlobals) = postSolution
		SolutionGuid = {24F63E81-3F39-4A99-8C5B-BA284E79840B}
	EndGlobalSection
EndGlobal
